
Microsoft Visual Studio Solution File, Format Version 12.00
# Visual Studio Version 17
VisualStudioVersion = 17.13.35919.96
MinimumVisualStudioVersion = 10.0.40219.1
Project("{FAE04EC0-301F-11D3-BF4B-00C04F79EFBC}") = "Forms", "Forms\Forms.csproj", "{8C61591D-BEEB-4F60-A5CC-9E59F97A0B48}"
EndProject
Project("{FAE04EC0-301F-11D3-BF4B-00C04F79EFBC}") = "Models", "Models\Models.csproj", "{A0CA9BE2-8DB7-4C0D-A219-D4C6C797773C}"
EndProject
Project("{FAE04EC0-301F-11D3-BF4B-00C04F79EFBC}") = "Repository", "Repository\Repository.csproj", "{1133DD7F-A3F5-4CAD-AC3E-2037ADBD90AE}"
EndProject
Project("{FAE04EC0-301F-11D3-BF4B-00C04F79EFBC}") = "Interfaces", "Interfaces\Interfaces.csproj", "{473217C4-9488-42C3-82B5-F4E41EDBDEC9}"
EndProject
Project("{FAE04EC0-301F-11D3-BF4B-00C04F79EFBC}") = "Servicos", "Servicos\Servicos.csproj", "{55416A04-2B8A-4D1B-A4CE-E83DA7E0C115}"
EndProject
Global
	GlobalSection(SolutionConfigurationPlatforms) = preSolution
		Debug|Any CPU = Debug|Any CPU
		Release|Any CPU = Release|Any CPU
	EndGlobalSection
	GlobalSection(ProjectConfigurationPlatforms) = postSolution
		{8C61591D-BEEB-4F60-A5CC-9E59F97A0B48}.Debug|Any CPU.ActiveCfg = Debug|Any CPU
		{8C61591D-BEEB-4F60-A5CC-9E59F97A0B48}.Debug|Any CPU.Build.0 = Debug|Any CPU
		{8C61591D-BEEB-4F60-A5CC-9E59F97A0B48}.Release|Any CPU.ActiveCfg = Release|Any CPU
		{8C61591D-BEEB-4F60-A5CC-9E59F97A0B48}.Release|Any CPU.Build.0 = Release|Any CPU
		{A0CA9BE2-8DB7-4C0D-A219-D4C6C797773C}.Debug|Any CPU.ActiveCfg = Debug|Any CPU
		{A0CA9BE2-8DB7-4C0D-A219-D4C6C797773C}.Debug|Any CPU.Build.0 = Debug|Any CPU
		{A0CA9BE2-8DB7-4C0D-A219-D4C6C797773C}.Release|Any CPU.ActiveCfg = Release|Any CPU
		{A0CA9BE2-8DB7-4C0D-A219-D4C6C797773C}.Release|Any CPU.Build.0 = Release|Any CPU
		{1133DD7F-A3F5-4CAD-AC3E-2037ADBD90AE}.Debug|Any CPU.ActiveCfg = Debug|Any CPU
		{1133DD7F-A3F5-4CAD-AC3E-2037ADBD90AE}.Debug|Any CPU.Build.0 = Debug|Any CPU
		{1133DD7F-A3F5-4CAD-AC3E-2037ADBD90AE}.Release|Any CPU.ActiveCfg = Release|Any CPU
		{1133DD7F-A3F5-4CAD-AC3E-2037ADBD90AE}.Release|Any CPU.Build.0 = Release|Any CPU
		{473217C4-9488-42C3-82B5-F4E41EDBDEC9}.Debug|Any CPU.ActiveCfg = Debug|Any CPU
		{473217C4-9488-42C3-82B5-F4E41EDBDEC9}.Debug|Any CPU.Build.0 = Debug|Any CPU
		{473217C4-9488-42C3-82B5-F4E41EDBDEC9}.Release|Any CPU.ActiveCfg = Release|Any CPU
		{473217C4-9488-42C3-82B5-F4E41EDBDEC9}.Release|Any CPU.Build.0 = Release|Any CPU
		{55416A04-2B8A-4D1B-A4CE-E83DA7E0C115}.Debug|Any CPU.ActiveCfg = Debug|Any CPU
		{55416A04-2B8A-4D1B-A4CE-E83DA7E0C115}.Debug|Any CPU.Build.0 = Debug|Any CPU
		{55416A04-2B8A-4D1B-A4CE-E83DA7E0C115}.Release|Any CPU.ActiveCfg = Release|Any CPU
		{55416A04-2B8A-4D1B-A4CE-E83DA7E0C115}.Release|Any CPU.Build.0 = Release|Any CPU
	EndGlobalSection
	GlobalSection(SolutionProperties) = preSolution
		HideSolutionNode = FALSE
	EndGlobalSection
	GlobalSection(ExtensibilityGlobals) = postSolution
		SolutionGuid = {0D9E692D-9742-4C56-A596-3AFE334AE851}
	EndGlobalSection
EndGlobal
